Microsoft Visual Studio Solution File, Format Version 11.00
# Visual Studio 2008

Project("{C412602C-77B8-641B-0A71-73D5E5A8D95E}") = "Samurai Spirit", "Assembly-CSharp-vs.csproj", "{B59B3279-0C5B-86B1-3D12-5768D025E55C}"
EndProject
Global
	GlobalSection(SolutionConfigurationPlatforms) = preSolution
		Debug|Any CPU = Debug|Any CPU
		Release|Any CPU = Release|Any CPU
	EndGlobalSection
	GlobalSection(ProjectConfigurationPlatforms) = postSolution
		{B59B3279-0C5B-86B1-3D12-5768D025E55C}.Debug|Any CPU.ActiveCfg = Debug|Any CPU
		{B59B3279-0C5B-86B1-3D12-5768D025E55C}.Debug|Any CPU.Build.0 = Debug|Any CPU
		{B59B3279-0C5B-86B1-3D12-5768D025E55C}.Release|Any CPU.ActiveCfg = Release|Any CPU
		{B59B3279-0C5B-86B1-3D12-5768D025E55C}.Release|Any CPU.Build.0 = Release|Any CPU
	EndGlobalSection
	GlobalSection(SolutionProperties) = preSolution
		HideSolutionNode = FALSE
	EndGlobalSection
																			GlobalSection(MonoDevelopProperties) = preSolution
		StartupItem = Assembly-CSharp.csproj
		Policies = $0
		$0.TextStylePolicy = $1
		$1.inheritsSet = null
		$1.scope = text/x-csharp
		$0.CSharpFormattingPolicy = $2
		$2.inheritsSet = Mono
		$2.inheritsScope = text/x-csharp
		$2.scope = text/x-csharp
		$0.TextStylePolicy = $3
		$3.FileWidth = 120
		$3.TabWidth = 4
		$3.EolMarker = Unix
		$3.inheritsSet = Mono
		$3.inheritsScope = text/plain
		$3.scope = text/plain
	EndGlobalSection

EndGlobal
